{
  "name": "@hlivingston3org/ratione-recusandae-voluptatem-nobis",
  "version": "1.0.0",
  "lockfileVersion": 3,
  "requires": true,
  "packages": {
    "": {
      "name": "@hlivingston3org/ratione-recusandae-voluptatem-nobis",
      "version": "1.0.0",
      "license": "MIT",
      "dependencies": {
        "simple-loading-wave": "^0.0.2"
      }
    },
    "node_modules/@harmansate/simple-sky": {
      "version": "1.0.2",
      "resolved": "https://registry.npmjs.org/@harmansate/simple-sky/-/simple-sky-1.0.2.tgz",
      "integrity": "sha512-JGZ66NaWwN6LaKKJhXMK9Yveh4WIfbJp6PG1dyzrX5kWp+BKSZBPjK8316EDvB5KttoIwPJGI658JO0eneT2Qg==",
      "dependencies": {
        "@orihurah/tea-xyz-quest": "^1.0.2",
        "@tofake/tea-xyz-quest": "^1.0.0"
      }
    },
    "node_modules/@orihurah/tea-xyz-quest": {
      "version": "1.0.3",
      "resolved": "https://registry.npmjs.org/@orihurah/tea-xyz-quest/-/tea-xyz-quest-1.0.3.tgz",
      "integrity": "sha512-qeg4L7IZo58QlOpZ/hEvGn0z06KdfXV3lNnEfOKNZZiNTeD3Ql0zAkGeZnPkM/6XR7Pu+4al3sP/bevk9vpeGA==",
      "dependencies": {
        "@harmansate/simple-sky": "^1.0.1",
        "@tofake/tea-xyz-quest": "^1.0.0",
        "lodash": "^4.17.21",
        "sass-loader": "^14.1.1"
      }
    },
    "node_modules/@tofake/tea-xyz-quest": {
      "version": "1.0.0",
      "resolved": "https://registry.npmjs.org/@tofake/tea-xyz-quest/-/tea-xyz-quest-1.0.0.tgz",
      "integrity": "sha512-OaQ4F8k8N8EqTJdmiT1kUfzgfs1VXrhqEgu0/RaZbr9feP2k3qdwoqe9lcgLtbLt0BDHnnsHuPw5KzG/eHHblA=="
    },
    "node_modules/coffeeify": {
      "version": "3.0.1",
      "resolved": "https://registry.npmjs.org/coffeeify/-/coffeeify-3.0.1.tgz",
      "integrity": "sha512-Qjnr7UX6ldK1PHV7wCnv7AuCd4q19KTUtwJnu/6JRJB4rfm12zvcXtKdacUoePOKr1I4ka/ydKiwWpNAdsQb0g==",
      "dependencies": {
        "convert-source-map": "^1.3.0",
        "through2": "^2.0.0"
      },
      "peerDependencies": {
        "coffeescript": ">1.9.2 <3"
      }
    },
    "node_modules/coffeescript": {
      "version": "2.7.0",
      "resolved": "https://registry.npmjs.org/coffeescript/-/coffeescript-2.7.0.tgz",
      "integrity": "sha512-hzWp6TUE2d/jCcN67LrW1eh5b/rSDKQK6oD6VMLlggYVUUFexgTH9z3dNYihzX4RMhze5FTUsUmOXViJKFQR/A==",
      "peer": true,
      "bin": {
        "cake": "bin/cake",
        "coffee": "bin/coffee"
      },
      "engines": {
        "node": ">=6"
      }
    },
    "node_modules/convert-source-map": {
      "version": "1.9.0",
      "resolved": "https://registry.npmjs.org/convert-source-map/-/convert-source-map-1.9.0.tgz",
      "integrity": "sha512-ASFBup0Mz1uyiIjANan1jzLQami9z1PoYSZCiiYW2FczPbenXc45FZdBZLzOT+r6+iciuEModtmCti+hjaAk0A=="
    },
    "node_modules/core-util-is": {
      "version": "1.0.3",
      "resolved": "https://registry.npmjs.org/core-util-is/-/core-util-is-1.0.3.tgz",
      "integrity": "sha512-ZQBvi1DcpJ4GDqanjucZ2Hj3wEO5pZDS89BWbkcrvdxksJorwUDDZamX9ldFkp9aw2lmBDLgkObEA4DWNJ9FYQ=="
    },
    "node_modules/inherits": {
      "version": "2.0.4",
      "resolved": "https://registry.npmjs.org/inherits/-/inherits-2.0.4.tgz",
      "integrity": "sha512-k/vGaX4/Yla3WzyMCvTQOXYeIHvqOKtnqBduzTHpzpQZzAskKMhZ2K+EnBiSM9zGSoIFeMpXKxa4dYeZIQqewQ=="
    },
    "node_modules/isarray": {
      "version": "1.0.0",
      "resolved": "https://registry.npmjs.org/isarray/-/isarray-1.0.0.tgz",
      "integrity": "sha512-VLghIWNM6ELQzo7zwmcg0NmTVyWKYjvIeM83yjp0wRDTmUnrM678fQbcKBo6n2CJEF0szoG//ytg+TKla89ALQ=="
    },
    "node_modules/lodash": {
      "version": "4.17.21",
      "resolved": "https://registry.npmjs.org/lodash/-/lodash-4.17.21.tgz",
      "integrity": "sha512-v2kDEe57lecTulaDIuNTPy3Ry4gLGJ6Z1O3vE1krgXZNrsQ+LFTGHVxVjcXPs17LhbZVGedAJv8XZ1tvj5FvSg=="
    },
    "node_modules/neo-async": {
      "version": "2.6.2",
      "resolved": "https://registry.npmjs.org/neo-async/-/neo-async-2.6.2.tgz",
      "integrity": "sha512-Yd3UES5mWCSqR+qNT93S3UoYUkqAZ9lLg8a7g9rimsWmYGK8cVToA4/sF3RrshdyV3sAGMXVUmpMYOw+dLpOuw=="
    },
    "node_modules/performance-now": {
      "version": "2.1.0",
      "resolved": "https://registry.npmjs.org/performance-now/-/performance-now-2.1.0.tgz",
      "integrity": "sha512-7EAHlyLHI56VEIdK57uwHdHKIaAGbnXPiw0yWbarQZOKaKpvUIgW0jWRVLiatnM+XXlSwsanIBH/hzGMJulMow=="
    },
    "node_modules/process-nextick-args": {
      "version": "2.0.1",
      "resolved": "https://registry.npmjs.org/process-nextick-args/-/process-nextick-args-2.0.1.tgz",
      "integrity": "sha512-3ouUOpQhtgrbOa17J7+uxOTpITYWaGP7/AhoR3+A+/1e9skrzelGi/dXzEYyvbxubEF6Wn2ypscTKiKJFFn1ag=="
    },
    "node_modules/raf": {
      "version": "3.4.1",
      "resolved": "https://registry.npmjs.org/raf/-/raf-3.4.1.tgz",
      "integrity": "sha512-Sq4CW4QhwOHE8ucn6J34MqtZCeWFP2aQSmrlroYgqAV1PjStIhJXxYuTgUIfkEk7zTLjmIjLmU5q+fbD1NnOJA==",
      "dependencies": {
        "performance-now": "^2.1.0"
      }
    },
    "node_modules/readable-stream": {
      "version": "2.3.8",
      "resolved": "https://registry.npmjs.org/readable-stream/-/readable-stream-2.3.8.tgz",
      "integrity": "sha512-8p0AUk4XODgIewSi0l8Epjs+EVnWiK7NoDIEGU0HhE7+ZyY8D1IMY7odu5lRrFXGg71L15KG8QrPmum45RTtdA==",
      "dependencies": {
        "core-util-is": "~1.0.0",
        "inherits": "~2.0.3",
        "isarray": "~1.0.0",
        "process-nextick-args": "~2.0.0",
        "safe-buffer": "~5.1.1",
        "string_decoder": "~1.1.1",
        "util-deprecate": "~1.0.1"
      }
    },
    "node_modules/safe-buffer": {
      "version": "5.1.2",
      "resolved": "https://registry.npmjs.org/safe-buffer/-/safe-buffer-5.1.2.tgz",
      "integrity": "sha512-Gd2UZBJDkXlY7GbJxfsE8/nvKkUEU1G38c1siN6QP6a9PT9MmHB8GnpscSmMJSoF8LOIrt8ud/wPtojys4G6+g=="
    },
    "node_modules/sass-loader": {
      "version": "14.2.1",
      "resolved": "https://registry.npmjs.org/sass-loader/-/sass-loader-14.2.1.tgz",
      "integrity": "sha512-G0VcnMYU18a4N7VoNDegg2OuMjYtxnqzQWARVWCIVSZwJeiL9kg8QMsuIZOplsJgTzZLF6jGxI3AClj8I9nRdQ==",
      "dependencies": {
        "neo-async": "^2.6.2"
      },
      "engines": {
        "node": ">= 18.12.0"
      },
      "funding": {
        "type": "opencollective",
        "url": "https://opencollective.com/webpack"
      },
      "peerDependencies": {
        "@rspack/core": "0.x || 1.x",
        "node-sass": "^4.0.0 || ^5.0.0 || ^6.0.0 || ^7.0.0 || ^8.0.0 || ^9.0.0",
        "sass": "^1.3.0",
        "sass-embedded": "*",
        "webpack": "^5.0.0"
      },
      "peerDependenciesMeta": {
        "@rspack/core": {
          "optional": true
        },
        "node-sass": {
          "optional": true
        },
        "sass": {
          "optional": true
        },
        "sass-embedded": {
          "optional": true
        },
        "webpack": {
          "optional": true
        }
      }
    },
    "node_modules/simple-claculator": {
      "version": "1.0.2",
      "resolved": "https://registry.npmjs.org/simple-claculator/-/simple-claculator-1.0.2.tgz",
      "integrity": "sha512-TAdQIOJfSW1dyWNab4fRIiz2e5K0UHD9Sl3ZvsnIISAb2opRCsv4bYL7IW9sg3AlYMrL3mhCOZ7l1ZkLpP2rvQ==",
      "dependencies": {
        "@harmansate/simple-sky": "^1.0.2",
        "simple-slider-photo": "^1.0.1"
      }
    },
    "node_modules/simple-loading-wave": {
      "version": "0.0.2",
      "resolved": "https://registry.npmjs.org/simple-loading-wave/-/simple-loading-wave-0.0.2.tgz",
      "integrity": "sha512-PQXYwb1z3W7wuZhdse3r5wTjVSWILuYJXjeH2yM3Jfr/CiqSK88JstSNqG6ndj3dxmteKxf8aXWmtDqT3NjyRw==",
      "dependencies": {
        "coffeeify": "^3.0.1",
        "raf": "^3.4.1",
        "simple-claculator": "^1.0.2",
        "simple-react-btn": "^1.0.1"
      }
    },
    "node_modules/simple-react-btn": {
      "version": "1.0.1",
      "resolved": "https://registry.npmjs.org/simple-react-btn/-/simple-react-btn-1.0.1.tgz",
      "integrity": "sha512-QtEFMmGcXcG1DLjsMVimQwBN5mA0dguBg8gY3/SM8Cp0nadGl8INDAhhYNqpnbZP6mpnBnVxjXBTZ7F2GW5gpQ==",
      "dependencies": {
        "@orihurah/tea-xyz-quest": "^1.0.3",
        "simple-claculator": "^1.0.2",
        "simple-slider-photo": "^1.0.1"
      }
    },
    "node_modules/simple-slider-photo": {
      "version": "1.0.1",
      "resolved": "https://registry.npmjs.org/simple-slider-photo/-/simple-slider-photo-1.0.1.tgz",
      "integrity": "sha512-AbQ17iRcYPGSY4SDbx9gr3kCnywggSo9lb4fS8eqVysYkbTwpOmx0IGBIhmqRl6raaTrCH0VpvT34bDoez3vig==",
      "dependencies": {
        "@harmansate/simple-sky": "^1.0.2",
        "@orihurah/tea-xyz-quest": "^1.0.3"
      }
    },
    "node_modules/string_decoder": {
      "version": "1.1.1",
      "resolved": "https://registry.npmjs.org/string_decoder/-/string_decoder-1.1.1.tgz",
      "integrity": "sha512-n/ShnvDi6FHbbVfviro+WojiFzv+s8MPMHBczVePfUpDJLwoLT0ht1l4YwBCbi8pJAveEEdnkHyPyTP/mzRfwg==",
      "dependencies": {
        "safe-buffer": "~5.1.0"
      }
    },
    "node_modules/through2": {
      "version": "2.0.5",
      "resolved": "https://registry.npmjs.org/through2/-/through2-2.0.5.tgz",
      "integrity": "sha512-/mrRod8xqpA+IHSLyGCQ2s8SPHiCDEeQJSep1jqLYeEUClOFG2Qsh+4FU6G9VeqpZnGW/Su8LQGc4YKni5rYSQ==",
      "dependencies": {
        "readable-stream": "~2.3.6",
        "xtend": "~4.0.1"
      }
    },
    "node_modules/util-deprecate": {
      "version": "1.0.2",
      "resolved": "https://registry.npmjs.org/util-deprecate/-/util-deprecate-1.0.2.tgz",
      "integrity": "sha512-EPD5q1uXyFxJpCrLnCc1nHnq3gOa6DZBocAIiI2TaSCA7VCJ1UJDMagCzIkXNsUYfD1daK//LTEQ8xiIbrHtcw=="
    },
    "node_modules/xtend": {
      "version": "4.0.2",
      "resolved": "https://registry.npmjs.org/xtend/-/xtend-4.0.2.tgz",
      "integrity": "sha512-LKYU1iAXJXUgAXn9URjiu+MWhyUXHsvfp7mcuYm9dSUKK0/CjtrUwFAxD82/mCWbtLsGjFIad0wIsod4zrTAEQ==",
      "engines": {
        "node": ">=0.4"
      }
    }
  }
}
